
Microsoft Visual Studio Solution File, Format Version 12.00
# Visual Studio Version 16
VisualStudioVersion = 16.0.31005.135
MinimumVisualStudioVersion = 10.0.40219.1
Project("{9A19103F-16F7-4668-BE54-9A1E7A4F7556}") = "ComputeFutureValue.Tests", "ComputeFutureValue.Tests\ComputeFutureValue.Tests.csproj", "{1D8AB06E-39C0-4CAB-B5B5-14A621F78C81}"
EndProject
Project("{9A19103F-16F7-4668-BE54-9A1E7A4F7556}") = "ComputeFutureValue.Common", "ComputeFutureValue.Common\ComputeFutureValue.Common.csproj", "{6CEDB390-A7C2-4BCB-A799-A1618C2AF307}"
EndProject
Project("{9A19103F-16F7-4668-BE54-9A1E7A4F7556}") = "ComputerFutureValue.Razor", "ComputerFutureValue.Razor\ComputerFutureValue.Razor.csproj", "{3FA6701D-1196-4AE8-A7B9-242083773CCE}"
EndProject
Project("{9A19103F-16F7-4668-BE54-9A1E7A4F7556}") = "ComputeFutureValue.Api", "ComputeFutureValue.Api\ComputeFutureValue.Api.csproj", "{32486DFE-E84D-46BA-B2EE-1EFB5F260271}"
EndProject
Global
	GlobalSection(SolutionConfigurationPlatforms) = preSolution
		Debug|Any CPU = Debug|Any CPU
		Release|Any CPU = Release|Any CPU
	EndGlobalSection
	GlobalSection(ProjectConfigurationPlatforms) = postSolution
		{1D8AB06E-39C0-4CAB-B5B5-14A621F78C81}.Debug|Any CPU.ActiveCfg = Debug|Any CPU
		{1D8AB06E-39C0-4CAB-B5B5-14A621F78C81}.Debug|Any CPU.Build.0 = Debug|Any CPU
		{1D8AB06E-39C0-4CAB-B5B5-14A621F78C81}.Release|Any CPU.ActiveCfg = Release|Any CPU
		{1D8AB06E-39C0-4CAB-B5B5-14A621F78C81}.Release|Any CPU.Build.0 = Release|Any CPU
		{6CEDB390-A7C2-4BCB-A799-A1618C2AF307}.Debug|Any CPU.ActiveCfg = Debug|Any CPU
		{6CEDB390-A7C2-4BCB-A799-A1618C2AF307}.Debug|Any CPU.Build.0 = Debug|Any CPU
		{6CEDB390-A7C2-4BCB-A799-A1618C2AF307}.Release|Any CPU.ActiveCfg = Release|Any CPU
		{6CEDB390-A7C2-4BCB-A799-A1618C2AF307}.Release|Any CPU.Build.0 = Release|Any CPU
		{3FA6701D-1196-4AE8-A7B9-242083773CCE}.Debug|Any CPU.ActiveCfg = Debug|Any CPU
		{3FA6701D-1196-4AE8-A7B9-242083773CCE}.Debug|Any CPU.Build.0 = Debug|Any CPU
		{3FA6701D-1196-4AE8-A7B9-242083773CCE}.Release|Any CPU.ActiveCfg = Release|Any CPU
		{3FA6701D-1196-4AE8-A7B9-242083773CCE}.Release|Any CPU.Build.0 = Release|Any CPU
		{32486DFE-E84D-46BA-B2EE-1EFB5F260271}.Debug|Any CPU.ActiveCfg = Debug|Any CPU
		{32486DFE-E84D-46BA-B2EE-1EFB5F260271}.Debug|Any CPU.Build.0 = Debug|Any CPU
		{32486DFE-E84D-46BA-B2EE-1EFB5F260271}.Release|Any CPU.ActiveCfg = Release|Any CPU
		{32486DFE-E84D-46BA-B2EE-1EFB5F260271}.Release|Any CPU.Build.0 = Release|Any CPU
	EndGlobalSection
	GlobalSection(SolutionProperties) = preSolution
		HideSolutionNode = FALSE
	EndGlobalSection
	GlobalSection(ExtensibilityGlobals) = postSolution
		SolutionGuid = {487F481F-5A21-4E47-9178-A69DBAB9055D}
	EndGlobalSection
EndGlobal
